
Microsoft Visual Studio Solution File, Format Version 12.00
# Visual Studio Version 17
VisualStudioVersion = 17.3.32505.426
MinimumVisualStudioVersion = 10.0.40219.1
Project("{9A19103F-16F7-4668-BE54-9A1E7A4F7556}") = "ShopOnline.Api", "ShopOnline.Api\ShopOnline.Api.csproj", "{29BA27BA-02F2-4D44-A197-850CC89B78C3}"
EndProject
Project("{9A19103F-16F7-4668-BE54-9A1E7A4F7556}") = "ShopOnline.Models", "ShopOnline.Models\ShopOnline.Models.csproj", "{0A387D89-D558-4A7F-8057-C83D0EFD9273}"
EndProject
Project("{FAE04EC0-301F-11D3-BF4B-00C04F79EFBC}") = "ShopOnline.Web", "ShopOnline.Web\ShopOnline.Web.csproj", "{00A71F47-CB2A-4443-BED1-51FEAA4968BB}"
EndProject
Global
	GlobalSection(SolutionConfigurationPlatforms) = preSolution
		Debug|Any CPU = Debug|Any CPU
		Release|Any CPU = Release|Any CPU
	EndGlobalSection
	GlobalSection(ProjectConfigurationPlatforms) = postSolution
		{29BA27BA-02F2-4D44-A197-850CC89B78C3}.Debug|Any CPU.ActiveCfg = Debug|Any CPU
		{29BA27BA-02F2-4D44-A197-850CC89B78C3}.Debug|Any CPU.Build.0 = Debug|Any CPU
		{29BA27BA-02F2-4D44-A197-850CC89B78C3}.Release|Any CPU.ActiveCfg = Release|Any CPU
		{29BA27BA-02F2-4D44-A197-850CC89B78C3}.Release|Any CPU.Build.0 = Release|Any CPU
		{0A387D89-D558-4A7F-8057-C83D0EFD9273}.Debug|Any CPU.ActiveCfg = Debug|Any CPU
		{0A387D89-D558-4A7F-8057-C83D0EFD9273}.Debug|Any CPU.Build.0 = Debug|Any CPU
		{0A387D89-D558-4A7F-8057-C83D0EFD9273}.Release|Any CPU.ActiveCfg = Release|Any CPU
		{0A387D89-D558-4A7F-8057-C83D0EFD9273}.Release|Any CPU.Build.0 = Release|Any CPU
		{00A71F47-CB2A-4443-BED1-51FEAA4968BB}.Debug|Any CPU.ActiveCfg = Debug|Any CPU
		{00A71F47-CB2A-4443-BED1-51FEAA4968BB}.Debug|Any CPU.Build.0 = Debug|Any CPU
		{00A71F47-CB2A-4443-BED1-51FEAA4968BB}.Release|Any CPU.ActiveCfg = Release|Any CPU
		{00A71F47-CB2A-4443-BED1-51FEAA4968BB}.Release|Any CPU.Build.0 = Release|Any CPU
	EndGlobalSection
	GlobalSection(SolutionProperties) = preSolution
		HideSolutionNode = FALSE
	EndGlobalSection
	GlobalSection(ExtensibilityGlobals) = postSolution
		SolutionGuid = {9D1C2A88-0243-4662-AC49-C6EB3F2882A5}
	EndGlobalSection
EndGlobal
